
Microsoft Visual Studio Solution File, Format Version 12.00
# Visual Studio Version 16
VisualStudioVersion = 16.0.31112.23
MinimumVisualStudioVersion = 10.0.40219.1
Project("{9A19103F-16F7-4668-BE54-9A1E7A4F7556}") = "IntensivãoCsharp", "IntensivãoCsharp\IntensivãoCsharp.csproj", "{CCA30BE6-2C81-4535-BA1C-C3558FCF81F2}"
EndProject
Project("{FAE04EC0-301F-11D3-BF4B-00C04F79EFBC}") = "SalarioLiquidoFuncionario", "SalarioLiquidoFuncionario\SalarioLiquidoFuncionario.csproj", "{9FF42D7A-5A98-4387-A6DE-F0858D125EE8}"
EndProject
Global
	GlobalSection(SolutionConfigurationPlatforms) = preSolution
		Debug|Any CPU = Debug|Any CPU
		Release|Any CPU = Release|Any CPU
	EndGlobalSection
	GlobalSection(ProjectConfigurationPlatforms) = postSolution
		{CCA30BE6-2C81-4535-BA1C-C3558FCF81F2}.Debug|Any CPU.ActiveCfg = Debug|Any CPU
		{CCA30BE6-2C81-4535-BA1C-C3558FCF81F2}.Debug|Any CPU.Build.0 = Debug|Any CPU
		{CCA30BE6-2C81-4535-BA1C-C3558FCF81F2}.Release|Any CPU.ActiveCfg = Release|Any CPU
		{CCA30BE6-2C81-4535-BA1C-C3558FCF81F2}.Release|Any CPU.Build.0 = Release|Any CPU
		{9FF42D7A-5A98-4387-A6DE-F0858D125EE8}.Debug|Any CPU.ActiveCfg = Debug|Any CPU
		{9FF42D7A-5A98-4387-A6DE-F0858D125EE8}.Debug|Any CPU.Build.0 = Debug|Any CPU
		{9FF42D7A-5A98-4387-A6DE-F0858D125EE8}.Release|Any CPU.ActiveCfg = Release|Any CPU
		{9FF42D7A-5A98-4387-A6DE-F0858D125EE8}.Release|Any CPU.Build.0 = Release|Any CPU
	EndGlobalSection
	GlobalSection(SolutionProperties) = preSolution
		HideSolutionNode = FALSE
	EndGlobalSection
	GlobalSection(ExtensibilityGlobals) = postSolution
		SolutionGuid = {E880CE76-FA51-4E9A-B81F-902A0A54CAB8}
	EndGlobalSection
EndGlobal
